
Microsoft Visual Studio Solution File, Format Version 12.00
# Visual Studio Version 17
VisualStudioVersion = 17.0.31903.59
MinimumVisualStudioVersion = 10.0.40219.1
Project("{2150E333-8FDC-42A3-9474-1A3956D46DE8}") = "src", "src", "{D203B5BA-36A0-4318-95FC-2ABE5B759BBA}"
EndProject
Project("{FAE04EC0-301F-11D3-BF4B-00C04F79EFBC}") = "CPX.Events.Infrastructure.Repository", "src\CPX.Events.Infrastructure.Repository\CPX.Events.Infrastructure.Repository.csproj", "{058C5E7D-9B4B-4AA5-A187-DC8CBA327679}"
EndProject
Project("{FAE04EC0-301F-11D3-BF4B-00C04F79EFBC}") = "CPX.Events.Infrastructure.Repository.Entities", "src\CPX.Events.Infrastructure.Repository.Entities\CPX.Events.Infrastructure.Repository.Entities.csproj", "{00768096-B0E4-4886-8096-FAD9001D1BE0}"
EndProject
Global
	GlobalSection(SolutionConfigurationPlatforms) = preSolution
		Debug|Any CPU = Debug|Any CPU
		Release|Any CPU = Release|Any CPU
	EndGlobalSection
	GlobalSection(SolutionProperties) = preSolution
		HideSolutionNode = FALSE
	EndGlobalSection
	GlobalSection(ProjectConfigurationPlatforms) = postSolution
		{058C5E7D-9B4B-4AA5-A187-DC8CBA327679}.Debug|Any CPU.ActiveCfg = Debug|Any CPU
		{058C5E7D-9B4B-4AA5-A187-DC8CBA327679}.Debug|Any CPU.Build.0 = Debug|Any CPU
		{058C5E7D-9B4B-4AA5-A187-DC8CBA327679}.Release|Any CPU.ActiveCfg = Release|Any CPU
		{058C5E7D-9B4B-4AA5-A187-DC8CBA327679}.Release|Any CPU.Build.0 = Release|Any CPU
		{00768096-B0E4-4886-8096-FAD9001D1BE0}.Debug|Any CPU.ActiveCfg = Debug|Any CPU
		{00768096-B0E4-4886-8096-FAD9001D1BE0}.Debug|Any CPU.Build.0 = Debug|Any CPU
		{00768096-B0E4-4886-8096-FAD9001D1BE0}.Release|Any CPU.ActiveCfg = Release|Any CPU
		{00768096-B0E4-4886-8096-FAD9001D1BE0}.Release|Any CPU.Build.0 = Release|Any CPU
	EndGlobalSection
	GlobalSection(NestedProjects) = preSolution
		{058C5E7D-9B4B-4AA5-A187-DC8CBA327679} = {D203B5BA-36A0-4318-95FC-2ABE5B759BBA}
		{00768096-B0E4-4886-8096-FAD9001D1BE0} = {D203B5BA-36A0-4318-95FC-2ABE5B759BBA}
	EndGlobalSection
EndGlobal
